// !$*UTF8*$!
{
	archiveVersion = 1;
	classes = {
	};
	objectVersion = 56;
	objects = {

/* Begin PBXBuildFile section */
		0D1B09C32A1F459100AB1483 /* MVVM_SWIFTUIApp.swift in Sources */ = {isa = PBXBuildFile; fileRef = 0D1B09C22A1F459100AB1483 /* MVVM_SWIFTUIApp.swift */; };
		0D1B09C52A1F459100AB1483 /* LogInView.swift in Sources */ = {isa = PBXBuildFile; fileRef = 0D1B09C42A1F459100AB1483 /* LogInView.swift */; };
		0D1B09C72A1F459400AB1483 /* Assets.xcassets in Resources */ = {isa = PBXBuildFile; fileRef = 0D1B09C62A1F459400AB1483 /* Assets.xcassets */; };
		0D1B09CA2A1F459400AB1483 /* Preview Assets.xcassets in Resources */ = {isa = PBXBuildFile; fileRef = 0D1B09C92A1F459400AB1483 /* Preview Assets.xcassets */; };
		0D9247D72A1F72D000519485 /* Constant.swift in Sources */ = {isa = PBXBuildFile; fileRef = 0D9247D62A1F72D000519485 /* Constant.swift */; };
		0D9247D92A1F732E00519485 /* CustomClass.swift in Sources */ = {isa = PBXBuildFile; fileRef = 0D9247D82A1F732E00519485 /* CustomClass.swift */; };
		0D9247DC2A1F74AF00519485 /* HomeView.swift in Sources */ = {isa = PBXBuildFile; fileRef = 0D9247DB2A1F74AF00519485 /* HomeView.swift */; };
		0D9247E32A1F7D0400519485 /* LogInRequest.swift in Sources */ = {isa = PBXBuildFile; fileRef = 0D9247E22A1F7D0400519485 /* LogInRequest.swift */; };
		0D9247E72A1F7D4E00519485 /* LogInResponse.swift in Sources */ = {isa = PBXBuildFile; fileRef = 0D9247E62A1F7D4E00519485 /* LogInResponse.swift */; };
		0D9247EA2A1F7DAD00519485 /* LogInResource.swift in Sources */ = {isa = PBXBuildFile; fileRef = 0D9247E92A1F7DAD00519485 /* LogInResource.swift */; };
		0D9247EC2A1F7DE500519485 /* HttpUtility.swift in Sources */ = {isa = PBXBuildFile; fileRef = 0D9247EB2A1F7DE500519485 /* HttpUtility.swift */; };
		0D9247F02A1F7E3800519485 /* LogInValidation.swift in Sources */ = {isa = PBXBuildFile; fileRef = 0D9247EF2A1F7E3800519485 /* LogInValidation.swift */; };
		0D9247F32A1F7E5200519485 /* LogInViewModel.swift in Sources */ = {isa = PBXBuildFile; fileRef = 0D9247F22A1F7E5200519485 /* LogInViewModel.swift */; };
/* End PBXBuildFile section */

/* Begin PBXFileReference section */
		0D1B09BF2A1F459100AB1483 /* MVVM_SWIFTUI.app */ = {isa = PBXFileReference; explicitFileType = wrapper.application; includeInIndex = 0; path = MVVM_SWIFTUI.app; sourceTree = BUILT_PRODUCTS_DIR; };
		0D1B09C22A1F459100AB1483 /* MVVM_SWIFTUIApp.swift */ = {isa = PBXFileReference; lastKnownFileType = sourcecode.swift; path = MVVM_SWIFTUIApp.swift; sourceTree = "<group>"; };
		0D1B09C42A1F459100AB1483 /* LogInView.swift */ = {isa = PBXFileReference; lastKnownFileType = sourcecode.swift; path = LogInView.swift; sourceTree = "<group>"; };
		0D1B09C62A1F459400AB1483 /* Assets.xcassets */ = {isa = PBXFileReference; lastKnownFileType = folder.assetcatalog; path = Assets.xcassets; sourceTree = "<group>"; };
		0D1B09C92A1F459400AB1483 /* Preview Assets.xcassets */ = {isa = PBXFileReference; lastKnownFileType = folder.assetcatalog; path = "Preview Assets.xcassets"; sourceTree = "<group>"; };
		0D9247D62A1F72D000519485 /* Constant.swift */ = {isa = PBXFileReference; lastKnownFileType = sourcecode.swift; path = Constant.swift; sourceTree = "<group>"; };
		0D9247D82A1F732E00519485 /* CustomClass.swift */ = {isa = PBXFileReference; lastKnownFileType = sourcecode.swift; path = CustomClass.swift; sourceTree = "<group>"; };
		0D9247DB2A1F74AF00519485 /* HomeView.swift */ = {isa = PBXFileReference; lastKnownFileType = sourcecode.swift; path = HomeView.swift; sourceTree = "<group>"; };
		0D9247E22A1F7D0400519485 /* LogInRequest.swift */ = {isa = PBXFileReference; lastKnownFileType = sourcecode.swift; path = LogInRequest.swift; sourceTree = "<group>"; };
		0D9247E62A1F7D4E00519485 /* LogInResponse.swift */ = {isa = PBXFileReference; lastKnownFileType = sourcecode.swift; path = LogInResponse.swift; sourceTree = "<group>"; };
		0D9247E92A1F7DAD00519485 /* LogInResource.swift */ = {isa = PBXFileReference; lastKnownFileType = sourcecode.swift; path = LogInResource.swift; sourceTree = "<group>"; };
		0D9247EB2A1F7DE500519485 /* HttpUtility.swift */ = {isa = PBXFileReference; lastKnownFileType = sourcecode.swift; path = HttpUtility.swift; sourceTree = "<group>"; };
		0D9247EF2A1F7E3800519485 /* LogInValidation.swift */ = {isa = PBXFileReference; lastKnownFileType = sourcecode.swift; path = LogInValidation.swift; sourceTree = "<group>"; };
		0D9247F22A1F7E5200519485 /* LogInViewModel.swift */ = {isa = PBXFileReference; lastKnownFileType = sourcecode.swift; path = LogInViewModel.swift; sourceTree = "<group>"; };
		0D9247F52A1F7FDD00519485 /* MVVM-SWIFTUI-Info.plist */ = {isa = PBXFileReference; lastKnownFileType = text.plist; path = "MVVM-SWIFTUI-Info.plist"; sourceTree = SOURCE_ROOT; };
/* End PBXFileReference section */

/* Begin PBXFrameworksBuildPhase section */
		0D1B09BC2A1F459100AB1483 /* Frameworks */ = {
			isa = PBXFrameworksBuildPhase;
			buildActionMask = 2147483647;
			files = (
			);
			runOnlyForDeploymentPostprocessing = 0;
		};
/* End PBXFrameworksBuildPhase section */

/* Begin PBXGroup section */
		0D1B09B62A1F459100AB1483 = {
			isa = PBXGroup;
			children = (
				0D1B09C12A1F459100AB1483 /* MVVM_SWIFTUI */,
				0D1B09C02A1F459100AB1483 /* Products */,
			);
			sourceTree = "<group>";
		};
		0D1B09C02A1F459100AB1483 /* Products */ = {
			isa = PBXGroup;
			children = (
				0D1B09BF2A1F459100AB1483 /* MVVM_SWIFTUI.app */,
			);
			name = Products;
			sourceTree = "<group>";
		};
		0D1B09C12A1F459100AB1483 /* MVVM_SWIFTUI */ = {
			isa = PBXGroup;
			children = (
				0D9247F52A1F7FDD00519485 /* MVVM-SWIFTUI-Info.plist */,
				0D1B09C22A1F459100AB1483 /* MVVM_SWIFTUIApp.swift */,
				0D9247E02A1F7CE200519485 /* Model */,
				0D9247DD2A1F7CC500519485 /* ViewModel */,
				0D9247DA2A1F74A200519485 /* View */,
				0D9247DF2A1F7CD400519485 /* Resource */,
				0D9247ED2A1F7E2400519485 /* Validation */,
				0D9247D52A1F72B600519485 /* Utillity */,
				0D1B09C62A1F459400AB1483 /* Assets.xcassets */,
				0D1B09C82A1F459400AB1483 /* Preview Content */,
			);
			path = MVVM_SWIFTUI;
			sourceTree = "<group>";
		};
		0D1B09C82A1F459400AB1483 /* Preview Content */ = {
			isa = PBXGroup;
			children = (
				0D1B09C92A1F459400AB1483 /* Preview Assets.xcassets */,
			);
			path = "Preview Content";
			sourceTree = "<group>";
		};
		0D9247D52A1F72B600519485 /* Utillity */ = {
			isa = PBXGroup;
			children = (
				0D9247D62A1F72D000519485 /* Constant.swift */,
				0D9247D82A1F732E00519485 /* CustomClass.swift */,
				0D9247EB2A1F7DE500519485 /* HttpUtility.swift */,
			);
			path = Utillity;
			sourceTree = "<group>";
		};
		0D9247DA2A1F74A200519485 /* View */ = {
			isa = PBXGroup;
			children = (
				0D9247F42A1F7E9200519485 /* UserAuth */,
				0D9247DB2A1F74AF00519485 /* HomeView.swift */,
			);
			path = View;
			sourceTree = "<group>";
		};
		0D9247DD2A1F7CC500519485 /* ViewModel */ = {
			isa = PBXGroup;
			children = (
				0D9247F12A1F7E4B00519485 /* UserAuth */,
			);
			path = ViewModel;
			sourceTree = "<group>";
		};
		0D9247DE2A1F7CCC00519485 /* Request */ = {
			isa = PBXGroup;
			children = (
				0D9247E12A1F7CF800519485 /* UserAuth */,
			);
			name = Request;
			path = ..;
			sourceTree = "<group>";
		};
		0D9247DF2A1F7CD400519485 /* Resource */ = {
			isa = PBXGroup;
			children = (
				0D9247E82A1F7D9F00519485 /* LogIn */,
			);
			path = Resource;
			sourceTree = "<group>";
		};
		0D9247E02A1F7CE200519485 /* Model */ = {
			isa = PBXGroup;
			children = (
				0D9247E42A1F7D2F00519485 /* Response */,
				0D9247DE2A1F7CCC00519485 /* Request */,
			);
			path = Model;
			sourceTree = "<group>";
		};
		0D9247E12A1F7CF800519485 /* UserAuth */ = {
			isa = PBXGroup;
			children = (
				0D9247E22A1F7D0400519485 /* LogInRequest.swift */,
			);
			path = UserAuth;
			sourceTree = "<group>";
		};
		0D9247E42A1F7D2F00519485 /* Response */ = {
			isa = PBXGroup;
			children = (
				0D9247E52A1F7D4400519485 /* UserAuth */,
			);
			path = Response;
			sourceTree = "<group>";
		};
		0D9247E52A1F7D4400519485 /* UserAuth */ = {
			isa = PBXGroup;
			children = (
				0D9247E62A1F7D4E00519485 /* LogInResponse.swift */,
			);
			path = UserAuth;
			sourceTree = "<group>";
		};
		0D9247E82A1F7D9F00519485 /* LogIn */ = {
			isa = PBXGroup;
			children = (
				0D9247E92A1F7DAD00519485 /* LogInResource.swift */,
			);
			path = LogIn;
			sourceTree = "<group>";
		};
		0D9247ED2A1F7E2400519485 /* Validation */ = {
			isa = PBXGroup;
			children = (
				0D9247EE2A1F7E2F00519485 /* LogIn */,
			);
			path = Validation;
			sourceTree = "<group>";
		};
		0D9247EE2A1F7E2F00519485 /* LogIn */ = {
			isa = PBXGroup;
			children = (
				0D9247EF2A1F7E3800519485 /* LogInValidation.swift */,
			);
			path = LogIn;
			sourceTree = "<group>";
		};
		0D9247F12A1F7E4B00519485 /* UserAuth */ = {
			isa = PBXGroup;
			children = (
				0D9247F22A1F7E5200519485 /* LogInViewModel.swift */,
			);
			path = UserAuth;
			sourceTree = "<group>";
		};
		0D9247F42A1F7E9200519485 /* UserAuth */ = {
			isa = PBXGroup;
			children = (
				0D1B09C42A1F459100AB1483 /* LogInView.swift */,
			);
			path = UserAuth;
			sourceTree = "<group>";
		};
/* End PBXGroup section */

/* Begin PBXNativeTarget section */
		0D1B09BE2A1F459100AB1483 /* MVVM_SWIFTUI */ = {
			isa = PBXNativeTarget;
			buildConfigurationList = 0D1B09CD2A1F459400AB1483 /* Build configuration list for PBXNativeTarget "MVVM_SWIFTUI" */;
			buildPhases = (
				0D1B09BB2A1F459100AB1483 /* Sources */,
				0D1B09BC2A1F459100AB1483 /* Frameworks */,
				0D1B09BD2A1F459100AB1483 /* Resources */,
			);
			buildRules = (
			);
			dependencies = (
			);
			name = MVVM_SWIFTUI;
			productName = MVVM_SWIFTUI;
			productReference = 0D1B09BF2A1F459100AB1483 /* MVVM_SWIFTUI.app */;
			productType = "com.apple.product-type.application";
		};
/* End PBXNativeTarget section */

/* Begin PBXProject section */
		0D1B09B72A1F459100AB1483 /* Project object */ = {
			isa = PBXProject;
			attributes = {
				BuildIndependentTargetsInParallel = 1;
				LastSwiftUpdateCheck = 1430;
				LastUpgradeCheck = 1430;
				TargetAttributes = {
					0D1B09BE2A1F459100AB1483 = {
						CreatedOnToolsVersion = 14.3;
					};
				};
			};
			buildConfigurationList = 0D1B09BA2A1F459100AB1483 /* Build configuration list for PBXProject "MVVM_SWIFTUI" */;
			compatibilityVersion = "Xcode 14.0";
			developmentRegion = en;
			hasScannedForEncodings = 0;
			knownRegions = (
				en,
				Base,
			);
			mainGroup = 0D1B09B62A1F459100AB1483;
			productRefGroup = 0D1B09C02A1F459100AB1483 /* Products */;
			projectDirPath = "";
			projectRoot = "";
			targets = (
				0D1B09BE2A1F459100AB1483 /* MVVM_SWIFTUI */,
			);
		};
/* End PBXProject section */

/* Begin PBXResourcesBuildPhase section */
		0D1B09BD2A1F459100AB1483 /* Resources */ = {
			isa = PBXResourcesBuildPhase;
			buildActionMask = 2147483647;
			files = (
				0D1B09CA2A1F459400AB1483 /* Preview Assets.xcassets in Resources */,
				0D1B09C72A1F459400AB1483 /* Assets.xcassets in Resources */,
			);
			runOnlyForDeploymentPostprocessing = 0;
		};
/* End PBXResourcesBuildPhase section */

/* Begin PBXSourcesBuildPhase section */
		0D1B09BB2A1F459100AB1483 /* Sources */ = {
			isa = PBXSourcesBuildPhase;
			buildActionMask = 2147483647;
			files = (
				0D9247E72A1F7D4E00519485 /* LogInResponse.swift in Sources */,
				0D1B09C52A1F459100AB1483 /* LogInView.swift in Sources */,
				0D9247F32A1F7E5200519485 /* LogInViewModel.swift in Sources */,
				0D9247E32A1F7D0400519485 /* LogInRequest.swift in Sources */,
				0D9247EC2A1F7DE500519485 /* HttpUtility.swift in Sources */,
				0D9247D92A1F732E00519485 /* CustomClass.swift in Sources */,
				0D1B09C32A1F459100AB1483 /* MVVM_SWIFTUIApp.swift in Sources */,
				0D9247F02A1F7E3800519485 /* LogInValidation.swift in Sources */,
				0D9247DC2A1F74AF00519485 /* HomeView.swift in Sources */,
				0D9247D72A1F72D000519485 /* Constant.swift in Sources */,
				0D9247EA2A1F7DAD00519485 /* LogInResource.swift in Sources */,
			);
			runOnlyForDeploymentPostprocessing = 0;
		};
/* End PBXSourcesBuildPhase section */

/* Begin XCBuildConfiguration section */
		0D1B09CB2A1F459400AB1483 /* Debug */ = {
			isa = XCBuildConfiguration;
			buildSettings = {
				ALWAYS_SEARCH_USER_PATHS = NO;
				CLANG_ANALYZER_NONNULL = YES;
				CLANG_ANALYZER_NUMBER_OBJECT_CONVERSION = YES_AGGRESSIVE;
				CLANG_CXX_LANGUAGE_STANDARD = "gnu++20";
				CLANG_ENABLE_MODULES = YES;
				CLANG_ENABLE_OBJC_ARC = YES;
				CLANG_ENABLE_OBJC_WEAK = YES;
				CLANG_WARN_BLOCK_CAPTURE_AUTORELEASING = YES;
				CLANG_WARN_BOOL_CONVERSION = YES;
				CLANG_WARN_COMMA = YES;
				CLANG_WARN_CONSTANT_CONVERSION = YES;
				CLANG_WARN_DEPRECATED_OBJC_IMPLEMENTATIONS = YES;
				CLANG_WARN_DIRECT_OBJC_ISA_USAGE = YES_ERROR;
				CLANG_WARN_DOCUMENTATION_COMMENTS = YES;
				CLANG_WARN_EMPTY_BODY = YES;
				CLANG_WARN_ENUM_CONVERSION = YES;
				CLANG_WARN_INFINITE_RECURSION = YES;
				CLANG_WARN_INT_CONVERSION = YES;
				CLANG_WARN_NON_LITERAL_NULL_CONVERSION = YES;
				CLANG_WARN_OBJC_IMPLICIT_RETAIN_SELF = YES;
				CLANG_WARN_OBJC_LITERAL_CONVERSION = YES;
				CLANG_WARN_OBJC_ROOT_CLASS = YES_ERROR;
				CLANG_WARN_QUOTED_INCLUDE_IN_FRAMEWORK_HEADER = YES;
				CLANG_WARN_RANGE_LOOP_ANALYSIS = YES;
				CLANG_WARN_STRICT_PROTOTYPES = YES;
				CLANG_WARN_SUSPICIOUS_MOVE = YES;
				CLANG_WARN_UNGUARDED_AVAILABILITY = YES_AGGRESSIVE;
				CLANG_WARN_UNREACHABLE_CODE = YES;
				CLANG_WARN__DUPLICATE_METHOD_MATCH = YES;
				COPY_PHASE_STRIP = NO;
				DEBUG_INFORMATION_FORMAT = dwarf;
				ENABLE_STRICT_OBJC_MSGSEND = YES;
				ENABLE_TESTABILITY = YES;
				GCC_C_LANGUAGE_STANDARD = gnu11;
				GCC_DYNAMIC_NO_PIC = NO;
				GCC_NO_COMMON_BLOCKS = YES;
				GCC_OPTIMIZATION_LEVEL = 0;
				GCC_PREPROCESSOR_DEFINITIONS = (
					"DEBUG=1",
					"$(inherited)",
				);
				GCC_WARN_64_TO_32_BIT_CONVERSION = YES;
				GCC_WARN_ABOUT_RETURN_TYPE = YES_ERROR;
				GCC_WARN_UNDECLARED_SELECTOR = YES;
				GCC_WARN_UNINITIALIZED_AUTOS = YES_AGGRESSIVE;
				GCC_WARN_UNUSED_FUNCTION = YES;
				GCC_WARN_UNUSED_VARIABLE = YES;
				IPHONEOS_DEPLOYMENT_TARGET = 16.4;
				MTL_ENABLE_DEBUG_INFO = INCLUDE_SOURCE;
				MTL_FAST_MATH = YES;
				ONLY_ACTIVE_ARCH = YES;
				SDKROOT = iphoneos;
				SWIFT_ACTIVE_COMPILATION_CONDITIONS = DEBUG;
				SWIFT_OPTIMIZATION_LEVEL = "-Onone";
			};
			name = Debug;
		};
		0D1B09CC2A1F459400AB1483 /* Release */ = {
			isa = XCBuildConfiguration;
			buildSettings = {
				ALWAYS_SEARCH_USER_PATHS = NO;
				CLANG_ANALYZER_NONNULL = YES;
				CLANG_ANALYZER_NUMBER_OBJECT_CONVERSION = YES_AGGRESSIVE;
				CLANG_CXX_LANGUAGE_STANDARD = "gnu++20";
				CLANG_ENABLE_MODULES = YES;
				CLANG_ENABLE_OBJC_ARC = YES;
				CLANG_ENABLE_OBJC_WEAK = YES;
				CLANG_WARN_BLOCK_CAPTURE_AUTORELEASING = YES;
				CLANG_WARN_BOOL_CONVERSION = YES;
				CLANG_WARN_COMMA = YES;
				CLANG_WARN_CONSTANT_CONVERSION = YES;
				CLANG_WARN_DEPRECATED_OBJC_IMPLEMENTATIONS = YES;
				CLANG_WARN_DIRECT_OBJC_ISA_USAGE = YES_ERROR;
				CLANG_WARN_DOCUMENTATION_COMMENTS = YES;
				CLANG_WARN_EMPTY_BODY = YES;
				CLANG_WARN_ENUM_CONVERSION = YES;
				CLANG_WARN_INFINITE_RECURSION = YES;
				CLANG_WARN_INT_CONVERSION = YES;
				CLANG_WARN_NON_LITERAL_NULL_CONVERSION = YES;
				CLANG_WARN_OBJC_IMPLICIT_RETAIN_SELF = YES;
				CLANG_WARN_OBJC_LITERAL_CONVERSION = YES;
				CLANG_WARN_OBJC_ROOT_CLASS = YES_ERROR;
				CLANG_WARN_QUOTED_INCLUDE_IN_FRAMEWORK_HEADER = YES;
				CLANG_WARN_RANGE_LOOP_ANALYSIS = YES;
				CLANG_WARN_STRICT_PROTOTYPES = YES;
				CLANG_WARN_SUSPICIOUS_MOVE = YES;
				CLANG_WARN_UNGUARDED_AVAILABILITY = YES_AGGRESSIVE;
				CLANG_WARN_UNREACHABLE_CODE = YES;
				CLANG_WARN__DUPLICATE_METHOD_MATCH = YES;
				COPY_PHASE_STRIP = NO;
				DEBUG_INFORMATION_FORMAT = "dwarf-with-dsym";
				ENABLE_NS_ASSERTIONS = NO;
				ENABLE_STRICT_OBJC_MSGSEND = YES;
				GCC_C_LANGUAGE_STANDARD = gnu11;
				GCC_NO_COMMON_BLOCKS = YES;
				GCC_WARN_64_TO_32_BIT_CONVERSION = YES;
				GCC_WARN_ABOUT_RETURN_TYPE = YES_ERROR;
				GCC_WARN_UNDECLARED_SELECTOR = YES;
				GCC_WARN_UNINITIALIZED_AUTOS = YES_AGGRESSIVE;
				GCC_WARN_UNUSED_FUNCTION = YES;
				GCC_WARN_UNUSED_VARIABLE = YES;
				IPHONEOS_DEPLOYMENT_TARGET = 16.4;
				MTL_ENABLE_DEBUG_INFO = NO;
				MTL_FAST_MATH = YES;
				SDKROOT = iphoneos;
				SWIFT_COMPILATION_MODE = wholemodule;
				SWIFT_OPTIMIZATION_LEVEL = "-O";
				VALIDATE_PRODUCT = YES;
			};
			name = Release;
		};
		0D1B09CE2A1F459400AB1483 /* Debug */ = {
			isa = XCBuildConfiguration;
			buildSettings = {
				ASSETCATALOG_COMPILER_APPICON_NAME = AppIcon;
				ASSETCATALOG_COMPILER_GLOBAL_ACCENT_COLOR_NAME = AccentColor;
				CODE_SIGN_STYLE = Automatic;
				CURRENT_PROJECT_VERSION = 1;
				DEVELOPMENT_ASSET_PATHS = "\"MVVM_SWIFTUI/Preview Content\"";
				DEVELOPMENT_TEAM = BL2U5DBNBU;
				ENABLE_PREVIEWS = YES;
				GENERATE_INFOPLIST_FILE = YES;
				INFOPLIST_FILE = "MVVM-SWIFTUI-Info.plist";
				INFOPLIST_KEY_UIApplicationSceneManifest_Generation = YES;
				INFOPLIST_KEY_UIApplicationSupportsIndirectInputEvents = YES;
				INFOPLIST_KEY_UILaunchScreen_Generation = YES;
				INFOPLIST_KEY_UISupportedInterfaceOrientations_iPad = "UIInterfaceOrientationPortrait UIInterfaceOrientationPortraitUpsideDown UIInterfaceOrientationLandscapeLeft UIInterfaceOrientationLandscapeRight";
				INFOPLIST_KEY_UISupportedInterfaceOrientations_iPhone = "UIInterfaceOrientationPortrait UIInterfaceOrientationLandscapeLeft UIInterfaceOrientationLandscapeRight";
				LD_RUNPATH_SEARCH_PATHS = (
					"$(inherited)",
					"@executable_path/Frameworks",
				);
				MARKETING_VERSION = 1.0;
				PRODUCT_BUNDLE_IDENTIFIER = "com.einfochips.firstcpp.MVVM-SWIFTUI";
				PRODUCT_NAME = "$(TARGET_NAME)";
				SWIFT_EMIT_LOC_STRINGS = YES;
				SWIFT_VERSION = 5.0;
				TARGETED_DEVICE_FAMILY = "1,2";
			};
			name = Debug;
		};
		0D1B09CF2A1F459400AB1483 /* Release */ = {
			isa = XCBuildConfiguration;
			buildSettings = {
				ASSETCATALOG_COMPILER_APPICON_NAME = AppIcon;
				ASSETCATALOG_COMPILER_GLOBAL_ACCENT_COLOR_NAME = AccentColor;
				CODE_SIGN_STYLE = Automatic;
				CURRENT_PROJECT_VERSION = 1;
				DEVELOPMENT_ASSET_PATHS = "\"MVVM_SWIFTUI/Preview Content\"";
				DEVELOPMENT_TEAM = BL2U5DBNBU;
				ENABLE_PREVIEWS = YES;
				GENERATE_INFOPLIST_FILE = YES;
				INFOPLIST_FILE = "MVVM-SWIFTUI-Info.plist";
				INFOPLIST_KEY_UIApplicationSceneManifest_Generation = YES;
				INFOPLIST_KEY_UIApplicationSupportsIndirectInputEvents = YES;
				INFOPLIST_KEY_UILaunchScreen_Generation = YES;
				INFOPLIST_KEY_UISupportedInterfaceOrientations_iPad = "UIInterfaceOrientationPortrait UIInterfaceOrientationPortraitUpsideDown UIInterfaceOrientationLandscapeLeft UIInterfaceOrientationLandscapeRight";
				INFOPLIST_KEY_UISupportedInterfaceOrientations_iPhone = "UIInterfaceOrientationPortrait UIInterfaceOrientationLandscapeLeft UIInterfaceOrientationLandscapeRight";
				LD_RUNPATH_SEARCH_PATHS = (
					"$(inherited)",
					"@executable_path/Frameworks",
				);
				MARKETING_VERSION = 1.0;
				PRODUCT_BUNDLE_IDENTIFIER = "com.einfochips.firstcpp.MVVM-SWIFTUI";
				PRODUCT_NAME = "$(TARGET_NAME)";
				SWIFT_EMIT_LOC_STRINGS = YES;
				SWIFT_VERSION = 5.0;
				TARGETED_DEVICE_FAMILY = "1,2";
			};
			name = Release;
		};
/* End XCBuildConfiguration section */

/* Begin XCConfigurationList section */
		0D1B09BA2A1F459100AB1483 /* Build configuration list for PBXProject "MVVM_SWIFTUI" */ = {
			isa = XCConfigurationList;
			buildConfigurations = (
				0D1B09CB2A1F459400AB1483 /* Debug */,
				0D1B09CC2A1F459400AB1483 /* Release */,
			);
			defaultConfigurationIsVisible = 0;
			defaultConfigurationName = Release;
		};
		0D1B09CD2A1F459400AB1483 /* Build configuration list for PBXNativeTarget "MVVM_SWIFTUI" */ = {
			isa = XCConfigurationList;
			buildConfigurations = (
				0D1B09CE2A1F459400AB1483 /* Debug */,
				0D1B09CF2A1F459400AB1483 /* Release */,
			);
			defaultConfigurationIsVisible = 0;
			defaultConfigurationName = Release;
		};
/* End XCConfigurationList section */
	};
	rootObject = 0D1B09B72A1F459100AB1483 /* Project object */;
}
